
Microsoft Visual Studio Solution File, Format Version 12.00
# Visual Studio 15
VisualStudioVersion = 15.0.27004.2005
MinimumVisualStudioVersion = 10.0.40219.1
Project("{2150E333-8FDC-42A3-9474-1A3956D46DE8}") = "src", "src", "{7ADE98C7-481C-44B0-A144-70400BB5CDDB}"
EndProject
Project("{2150E333-8FDC-42A3-9474-1A3956D46DE8}") = "Solution Items", "Solution Items", "{73724E1E-C04C-4535-B276-B399181EADF6}"
EndProject
Project("{9A19103F-16F7-4668-BE54-9A1E7A4F7556}") = "ASPNETCoreAPI", "src\ASPNETCoreAPI\ASPNETCoreAPI.csproj", "{26B92153-3A88-47F5-ABEC-9FF55CBE60EF}"
EndProject
Project("{9A19103F-16F7-4668-BE54-9A1E7A4F7556}") = "WebAPI", "WebAPI\WebAPI.csproj", "{6B85FCA6-C20F-4708-A53F-09BC8A40C133}"
EndProject
Project("{9A19103F-16F7-4668-BE54-9A1E7A4F7556}") = "WebApplication1", "WebApplication1\WebApplication1.csproj", "{F49F70D7-70E5-43CD-AC08-205645E86596}"
EndProject
Project("{9A19103F-16F7-4668-BE54-9A1E7A4F7556}") = "WebGeestar", "WebGeestar\WebGeestar.csproj", "{D30DB565-12C6-45ED-BF1E-D3483F6F457D}"
EndProject
Project("{9A19103F-16F7-4668-BE54-9A1E7A4F7556}") = "WebUI", "WebUI\WebUI.csproj", "{1BD1278D-572D-42EF-A1A0-CB0923C5CEEE}"
EndProject
Project("{FAE04EC0-301F-11D3-BF4B-00C04F79EFBC}") = "WebApplication2", "..\WebApplication2\WebApplication2.csproj", "{9D2A35C5-E793-4B92-BE23-6C0966D366B4}"
EndProject
Project("{FAE04EC0-301F-11D3-BF4B-00C04F79EFBC}") = "WebApplication3", "WebApplication3\WebApplication3.csproj", "{D67EEEBF-42E9-4ADE-B7CA-795DCEB6A72A}"
EndProject
Global
	GlobalSection(SolutionConfigurationPlatforms) = preSolution
		Debug|Any CPU = Debug|Any CPU
		Release|Any CPU = Release|Any CPU
	EndGlobalSection
	GlobalSection(ProjectConfigurationPlatforms) = postSolution
		{26B92153-3A88-47F5-ABEC-9FF55CBE60EF}.Debug|Any CPU.ActiveCfg = Debug|Any CPU
		{26B92153-3A88-47F5-ABEC-9FF55CBE60EF}.Debug|Any CPU.Build.0 = Debug|Any CPU
		{26B92153-3A88-47F5-ABEC-9FF55CBE60EF}.Release|Any CPU.ActiveCfg = Release|Any CPU
		{26B92153-3A88-47F5-ABEC-9FF55CBE60EF}.Release|Any CPU.Build.0 = Release|Any CPU
		{6B85FCA6-C20F-4708-A53F-09BC8A40C133}.Debug|Any CPU.ActiveCfg = Debug|Any CPU
		{6B85FCA6-C20F-4708-A53F-09BC8A40C133}.Debug|Any CPU.Build.0 = Debug|Any CPU
		{6B85FCA6-C20F-4708-A53F-09BC8A40C133}.Release|Any CPU.ActiveCfg = Release|Any CPU
		{6B85FCA6-C20F-4708-A53F-09BC8A40C133}.Release|Any CPU.Build.0 = Release|Any CPU
		{F49F70D7-70E5-43CD-AC08-205645E86596}.Debug|Any CPU.ActiveCfg = Debug|Any CPU
		{F49F70D7-70E5-43CD-AC08-205645E86596}.Debug|Any CPU.Build.0 = Debug|Any CPU
		{F49F70D7-70E5-43CD-AC08-205645E86596}.Release|Any CPU.ActiveCfg = Release|Any CPU
		{F49F70D7-70E5-43CD-AC08-205645E86596}.Release|Any CPU.Build.0 = Release|Any CPU
		{D30DB565-12C6-45ED-BF1E-D3483F6F457D}.Debug|Any CPU.ActiveCfg = Debug|Any CPU
		{D30DB565-12C6-45ED-BF1E-D3483F6F457D}.Debug|Any CPU.Build.0 = Debug|Any CPU
		{D30DB565-12C6-45ED-BF1E-D3483F6F457D}.Release|Any CPU.ActiveCfg = Release|Any CPU
		{D30DB565-12C6-45ED-BF1E-D3483F6F457D}.Release|Any CPU.Build.0 = Release|Any CPU
		{1BD1278D-572D-42EF-A1A0-CB0923C5CEEE}.Debug|Any CPU.ActiveCfg = Debug|Any CPU
		{1BD1278D-572D-42EF-A1A0-CB0923C5CEEE}.Debug|Any CPU.Build.0 = Debug|Any CPU
		{1BD1278D-572D-42EF-A1A0-CB0923C5CEEE}.Release|Any CPU.ActiveCfg = Release|Any CPU
		{1BD1278D-572D-42EF-A1A0-CB0923C5CEEE}.Release|Any CPU.Build.0 = Release|Any CPU
		{9D2A35C5-E793-4B92-BE23-6C0966D366B4}.Debug|Any CPU.ActiveCfg = Debug|Any CPU
		{9D2A35C5-E793-4B92-BE23-6C0966D366B4}.Debug|Any CPU.Build.0 = Debug|Any CPU
		{9D2A35C5-E793-4B92-BE23-6C0966D366B4}.Release|Any CPU.ActiveCfg = Release|Any CPU
		{9D2A35C5-E793-4B92-BE23-6C0966D366B4}.Release|Any CPU.Build.0 = Release|Any CPU
		{D67EEEBF-42E9-4ADE-B7CA-795DCEB6A72A}.Debug|Any CPU.ActiveCfg = Debug|Any CPU
		{D67EEEBF-42E9-4ADE-B7CA-795DCEB6A72A}.Debug|Any CPU.Build.0 = Debug|Any CPU
		{D67EEEBF-42E9-4ADE-B7CA-795DCEB6A72A}.Release|Any CPU.ActiveCfg = Release|Any CPU
		{D67EEEBF-42E9-4ADE-B7CA-795DCEB6A72A}.Release|Any CPU.Build.0 = Release|Any CPU
	EndGlobalSection
	GlobalSection(SolutionProperties) = preSolution
		HideSolutionNode = FALSE
	EndGlobalSection
	GlobalSection(NestedProjects) = preSolution
		{26B92153-3A88-47F5-ABEC-9FF55CBE60EF} = {7ADE98C7-481C-44B0-A144-70400BB5CDDB}
		{6B85FCA6-C20F-4708-A53F-09BC8A40C133} = {7ADE98C7-481C-44B0-A144-70400BB5CDDB}
		{F49F70D7-70E5-43CD-AC08-205645E86596} = {7ADE98C7-481C-44B0-A144-70400BB5CDDB}
		{D30DB565-12C6-45ED-BF1E-D3483F6F457D} = {7ADE98C7-481C-44B0-A144-70400BB5CDDB}
		{1BD1278D-572D-42EF-A1A0-CB0923C5CEEE} = {7ADE98C7-481C-44B0-A144-70400BB5CDDB}
		{9D2A35C5-E793-4B92-BE23-6C0966D366B4} = {7ADE98C7-481C-44B0-A144-70400BB5CDDB}
		{D67EEEBF-42E9-4ADE-B7CA-795DCEB6A72A} = {7ADE98C7-481C-44B0-A144-70400BB5CDDB}
	EndGlobalSection
	GlobalSection(ExtensibilityGlobals) = postSolution
		SolutionGuid = {21F32C96-C7EF-4ED8-B347-FA20BBCC145F}
	EndGlobalSection
EndGlobal
